
Microsoft Visual Studio Solution File, Format Version 12.00
# Visual Studio Version 17
VisualStudioVersion = 17.14.36518.9 d17.14
MinimumVisualStudioVersion = 10.0.40219.1
Project("{FAE04EC0-301F-11D3-BF4B-00C04F79EFBC}") = "Task1", "Task1\Task1.csproj", "{83B439DD-7D37-4F89-A679-CDA94E4FC2BC}"
EndProject
Global
	GlobalSection(SolutionConfigurationPlatforms) = preSolution
		Debug|Any CPU = Debug|Any CPU
		Release|Any CPU = Release|Any CPU
	EndGlobalSection
	GlobalSection(ProjectConfigurationPlatforms) = postSolution
		{83B439DD-7D37-4F89-A679-CDA94E4FC2BC}.Debug|Any CPU.ActiveCfg = Debug|Any CPU
		{83B439DD-7D37-4F89-A679-CDA94E4FC2BC}.Debug|Any CPU.Build.0 = Debug|Any CPU
		{83B439DD-7D37-4F89-A679-CDA94E4FC2BC}.Release|Any CPU.ActiveCfg = Release|Any CPU
		{83B439DD-7D37-4F89-A679-CDA94E4FC2BC}.Release|Any CPU.Build.0 = Release|Any CPU
	EndGlobalSection
	GlobalSection(SolutionProperties) = preSolution
		HideSolutionNode = FALSE
	EndGlobalSection
	GlobalSection(ExtensibilityGlobals) = postSolution
		SolutionGuid = {FC3FC6AA-05DC-4CD1-B88D-E3589BE0C5EE}
	EndGlobalSection
EndGlobal
